// !$*UTF8*$!
{
	archiveVersion = 1;
	classes = {
	};
	objectVersion = 56;
	objects = {

/* Begin PBXBuildFile section */
		6A5B3DB62B3E36BC00152982 /* scrumListApp.swift in Sources */ = {isa = PBXBuildFile; fileRef = 6A5B3DB52B3E36BC00152982 /* scrumListApp.swift */; };
		6A5B3DB82B3E36BC00152982 /* MeetingView.swift in Sources */ = {isa = PBXBuildFile; fileRef = 6A5B3DB72B3E36BC00152982 /* MeetingView.swift */; };
		6A5B3DBA2B3E36BD00152982 /* Assets.xcassets in Resources */ = {isa = PBXBuildFile; fileRef = 6A5B3DB92B3E36BD00152982 /* Assets.xcassets */; };
		6A5B3DBD2B3E36BD00152982 /* Preview Assets.xcassets in Resources */ = {isa = PBXBuildFile; fileRef = 6A5B3DBC2B3E36BD00152982 /* Preview Assets.xcassets */; };
		6ABD2B1D2B608032002838A8 /* TrailingIconLabelStyle.swift in Sources */ = {isa = PBXBuildFile; fileRef = 6ABD2B1C2B608032002838A8 /* TrailingIconLabelStyle.swift */; };
		6ABD2B1F2B6087B8002838A8 /* ScrumsView.swift in Sources */ = {isa = PBXBuildFile; fileRef = 6ABD2B1E2B6087B8002838A8 /* ScrumsView.swift */; };
		6ABD2B222B6879A9002838A8 /* DetailView..swift in Sources */ = {isa = PBXBuildFile; fileRef = 6ABD2B212B6879A9002838A8 /* DetailView..swift */; };
		6ACB5CF42B4E2C7300798258 /* Theme.swift in Sources */ = {isa = PBXBuildFile; fileRef = 6ACB5CF32B4E2C7300798258 /* Theme.swift */; };
		6ACB5CF62B50C22C00798258 /* DailyScrum.swift in Sources */ = {isa = PBXBuildFile; fileRef = 6ACB5CF52B50C22C00798258 /* DailyScrum.swift */; };
		6ACB5CF82B52DD9800798258 /* CardView.swift in Sources */ = {isa = PBXBuildFile; fileRef = 6ACB5CF72B52DD9800798258 /* CardView.swift */; };
/* End PBXBuildFile section */

/* Begin PBXFileReference section */
		6A5B3DB22B3E36BC00152982 /* scrumList.app */ = {isa = PBXFileReference; explicitFileType = wrapper.application; includeInIndex = 0; path = scrumList.app; sourceTree = BUILT_PRODUCTS_DIR; };
		6A5B3DB52B3E36BC00152982 /* scrumListApp.swift */ = {isa = PBXFileReference; lastKnownFileType = sourcecode.swift; path = scrumListApp.swift; sourceTree = "<group>"; };
		6A5B3DB72B3E36BC00152982 /* MeetingView.swift */ = {isa = PBXFileReference; lastKnownFileType = sourcecode.swift; path = MeetingView.swift; sourceTree = "<group>"; };
		6A5B3DB92B3E36BD00152982 /* Assets.xcassets */ = {isa = PBXFileReference; lastKnownFileType = folder.assetcatalog; path = Assets.xcassets; sourceTree = "<group>"; };
		6A5B3DBC2B3E36BD00152982 /* Preview Assets.xcassets */ = {isa = PBXFileReference; lastKnownFileType = folder.assetcatalog; path = "Preview Assets.xcassets"; sourceTree = "<group>"; };
		6ABD2B1C2B608032002838A8 /* TrailingIconLabelStyle.swift */ = {isa = PBXFileReference; lastKnownFileType = sourcecode.swift; path = TrailingIconLabelStyle.swift; sourceTree = "<group>"; };
		6ABD2B1E2B6087B8002838A8 /* ScrumsView.swift */ = {isa = PBXFileReference; lastKnownFileType = sourcecode.swift; path = ScrumsView.swift; sourceTree = "<group>"; };
		6ABD2B212B6879A9002838A8 /* DetailView..swift */ = {isa = PBXFileReference; lastKnownFileType = sourcecode.swift; path = DetailView..swift; sourceTree = "<group>"; };
		6ACB5CF32B4E2C7300798258 /* Theme.swift */ = {isa = PBXFileReference; lastKnownFileType = sourcecode.swift; path = Theme.swift; sourceTree = "<group>"; };
		6ACB5CF52B50C22C00798258 /* DailyScrum.swift */ = {isa = PBXFileReference; lastKnownFileType = sourcecode.swift; path = DailyScrum.swift; sourceTree = "<group>"; };
		6ACB5CF72B52DD9800798258 /* CardView.swift */ = {isa = PBXFileReference; lastKnownFileType = sourcecode.swift; path = CardView.swift; sourceTree = "<group>"; };
/* End PBXFileReference section */

/* Begin PBXFrameworksBuildPhase section */
		6A5B3DAF2B3E36BC00152982 /* Frameworks */ = {
			isa = PBXFrameworksBuildPhase;
			buildActionMask = 2147483647;
			files = (
			);
			runOnlyForDeploymentPostprocessing = 0;
		};
/* End PBXFrameworksBuildPhase section */

/* Begin PBXGroup section */
		6A5B3DA92B3E36BC00152982 = {
			isa = PBXGroup;
			children = (
				6A5B3DB42B3E36BC00152982 /* scrumList */,
				6A5B3DB32B3E36BC00152982 /* Products */,
			);
			sourceTree = "<group>";
		};
		6A5B3DB32B3E36BC00152982 /* Products */ = {
			isa = PBXGroup;
			children = (
				6A5B3DB22B3E36BC00152982 /* scrumList.app */,
			);
			name = Products;
			sourceTree = "<group>";
		};
		6A5B3DB42B3E36BC00152982 /* scrumList */ = {
			isa = PBXGroup;
			children = (
				6ABD2B202B61D642002838A8 /* View */,
				6ACB5CF22B4E2C1B00798258 /* Models */,
				6A5B3DB52B3E36BC00152982 /* scrumListApp.swift */,
				6A5B3DB92B3E36BD00152982 /* Assets.xcassets */,
				6A5B3DBB2B3E36BD00152982 /* Preview Content */,
			);
			path = scrumList;
			sourceTree = "<group>";
		};
		6A5B3DBB2B3E36BD00152982 /* Preview Content */ = {
			isa = PBXGroup;
			children = (
				6A5B3DBC2B3E36BD00152982 /* Preview Assets.xcassets */,
			);
			path = "Preview Content";
			sourceTree = "<group>";
		};
		6ABD2B202B61D642002838A8 /* View */ = {
			isa = PBXGroup;
			children = (
				6A5B3DB72B3E36BC00152982 /* MeetingView.swift */,
				6ABD2B1E2B6087B8002838A8 /* ScrumsView.swift */,
				6ACB5CF72B52DD9800798258 /* CardView.swift */,
				6ABD2B212B6879A9002838A8 /* DetailView..swift */,
			);
			path = View;
			sourceTree = "<group>";
		};
		6ACB5CF22B4E2C1B00798258 /* Models */ = {
			isa = PBXGroup;
			children = (
				6ACB5CF32B4E2C7300798258 /* Theme.swift */,
				6ACB5CF52B50C22C00798258 /* DailyScrum.swift */,
				6ABD2B1C2B608032002838A8 /* TrailingIconLabelStyle.swift */,
			);
			path = Models;
			sourceTree = "<group>";
		};
/* End PBXGroup section */

/* Begin PBXNativeTarget section */
		6A5B3DB12B3E36BC00152982 /* scrumList */ = {
			isa = PBXNativeTarget;
			buildConfigurationList = 6A5B3DC02B3E36BD00152982 /* Build configuration list for PBXNativeTarget "scrumList" */;
			buildPhases = (
				6A5B3DAE2B3E36BC00152982 /* Sources */,
				6A5B3DAF2B3E36BC00152982 /* Frameworks */,
				6A5B3DB02B3E36BC00152982 /* Resources */,
			);
			buildRules = (
			);
			dependencies = (
			);
			name = scrumList;
			productName = scrumList;
			productReference = 6A5B3DB22B3E36BC00152982 /* scrumList.app */;
			productType = "com.apple.product-type.application";
		};
/* End PBXNativeTarget section */

/* Begin PBXProject section */
		6A5B3DAA2B3E36BC00152982 /* Project object */ = {
			isa = PBXProject;
			attributes = {
				BuildIndependentTargetsInParallel = 1;
				LastSwiftUpdateCheck = 1510;
				LastUpgradeCheck = 1510;
				TargetAttributes = {
					6A5B3DB12B3E36BC00152982 = {
						CreatedOnToolsVersion = 15.1;
					};
				};
			};
			buildConfigurationList = 6A5B3DAD2B3E36BC00152982 /* Build configuration list for PBXProject "scrumList" */;
			compatibilityVersion = "Xcode 14.0";
			developmentRegion = en;
			hasScannedForEncodings = 0;
			knownRegions = (
				en,
				Base,
			);
			mainGroup = 6A5B3DA92B3E36BC00152982;
			productRefGroup = 6A5B3DB32B3E36BC00152982 /* Products */;
			projectDirPath = "";
			projectRoot = "";
			targets = (
				6A5B3DB12B3E36BC00152982 /* scrumList */,
			);
		};
/* End PBXProject section */

/* Begin PBXResourcesBuildPhase section */
		6A5B3DB02B3E36BC00152982 /* Resources */ = {
			isa = PBXResourcesBuildPhase;
			buildActionMask = 2147483647;
			files = (
				6A5B3DBD2B3E36BD00152982 /* Preview Assets.xcassets in Resources */,
				6A5B3DBA2B3E36BD00152982 /* Assets.xcassets in Resources */,
			);
			runOnlyForDeploymentPostprocessing = 0;
		};
/* End PBXResourcesBuildPhase section */

/* Begin PBXSourcesBuildPhase section */
		6A5B3DAE2B3E36BC00152982 /* Sources */ = {
			isa = PBXSourcesBuildPhase;
			buildActionMask = 2147483647;
			files = (
				6ABD2B222B6879A9002838A8 /* DetailView..swift in Sources */,
				6ACB5CF62B50C22C00798258 /* DailyScrum.swift in Sources */,
				6ABD2B1D2B608032002838A8 /* TrailingIconLabelStyle.swift in Sources */,
				6ACB5CF42B4E2C7300798258 /* Theme.swift in Sources */,
				6ABD2B1F2B6087B8002838A8 /* ScrumsView.swift in Sources */,
				6A5B3DB82B3E36BC00152982 /* MeetingView.swift in Sources */,
				6A5B3DB62B3E36BC00152982 /* scrumListApp.swift in Sources */,
				6ACB5CF82B52DD9800798258 /* CardView.swift in Sources */,
			);
			runOnlyForDeploymentPostprocessing = 0;
		};
/* End PBXSourcesBuildPhase section */

/* Begin XCBuildConfiguration section */
		6A5B3DBE2B3E36BD00152982 /* Debug */ = {
			isa = XCBuildConfiguration;
			buildSettings = {
				ALWAYS_SEARCH_USER_PATHS = NO;
				ASSETCATALOG_COMPILER_GENERATE_SWIFT_ASSET_SYMBOL_EXTENSIONS = YES;
				CLANG_ANALYZER_NONNULL = YES;
				CLANG_ANALYZER_NUMBER_OBJECT_CONVERSION = YES_AGGRESSIVE;
				CLANG_CXX_LANGUAGE_STANDARD = "gnu++20";
				CLANG_ENABLE_MODULES = YES;
				CLANG_ENABLE_OBJC_ARC = YES;
				CLANG_ENABLE_OBJC_WEAK = YES;
				CLANG_WARN_BLOCK_CAPTURE_AUTORELEASING = YES;
				CLANG_WARN_BOOL_CONVERSION = YES;
				CLANG_WARN_COMMA = YES;
				CLANG_WARN_CONSTANT_CONVERSION = YES;
				CLANG_WARN_DEPRECATED_OBJC_IMPLEMENTATIONS = YES;
				CLANG_WARN_DIRECT_OBJC_ISA_USAGE = YES_ERROR;
				CLANG_WARN_DOCUMENTATION_COMMENTS = YES;
				CLANG_WARN_EMPTY_BODY = YES;
				CLANG_WARN_ENUM_CONVERSION = YES;
				CLANG_WARN_INFINITE_RECURSION = YES;
				CLANG_WARN_INT_CONVERSION = YES;
				CLANG_WARN_NON_LITERAL_NULL_CONVERSION = YES;
				CLANG_WARN_OBJC_IMPLICIT_RETAIN_SELF = YES;
				CLANG_WARN_OBJC_LITERAL_CONVERSION = YES;
				CLANG_WARN_OBJC_ROOT_CLASS = YES_ERROR;
				CLANG_WARN_QUOTED_INCLUDE_IN_FRAMEWORK_HEADER = YES;
				CLANG_WARN_RANGE_LOOP_ANALYSIS = YES;
				CLANG_WARN_STRICT_PROTOTYPES = YES;
				CLANG_WARN_SUSPICIOUS_MOVE = YES;
				CLANG_WARN_UNGUARDED_AVAILABILITY = YES_AGGRESSIVE;
				CLANG_WARN_UNREACHABLE_CODE = YES;
				CLANG_WARN__DUPLICATE_METHOD_MATCH = YES;
				COPY_PHASE_STRIP = NO;
				DEBUG_INFORMATION_FORMAT = dwarf;
				ENABLE_STRICT_OBJC_MSGSEND = YES;
				ENABLE_TESTABILITY = YES;
				ENABLE_USER_SCRIPT_SANDBOXING = YES;
				GCC_C_LANGUAGE_STANDARD = gnu17;
				GCC_DYNAMIC_NO_PIC = NO;
				GCC_NO_COMMON_BLOCKS = YES;
				GCC_OPTIMIZATION_LEVEL = 0;
				GCC_PREPROCESSOR_DEFINITIONS = (
					"DEBUG=1",
					"$(inherited)",
				);
				GCC_WARN_64_TO_32_BIT_CONVERSION = YES;
				GCC_WARN_ABOUT_RETURN_TYPE = YES_ERROR;
				GCC_WARN_UNDECLARED_SELECTOR = YES;
				GCC_WARN_UNINITIALIZED_AUTOS = YES_AGGRESSIVE;
				GCC_WARN_UNUSED_FUNCTION = YES;
				GCC_WARN_UNUSED_VARIABLE = YES;
				IPHONEOS_DEPLOYMENT_TARGET = 17.2;
				LOCALIZATION_PREFERS_STRING_CATALOGS = YES;
				MTL_ENABLE_DEBUG_INFO = INCLUDE_SOURCE;
				MTL_FAST_MATH = YES;
				ONLY_ACTIVE_ARCH = YES;
				SDKROOT = iphoneos;
				SWIFT_ACTIVE_COMPILATION_CONDITIONS = "DEBUG $(inherited)";
				SWIFT_OPTIMIZATION_LEVEL = "-Onone";
			};
			name = Debug;
		};
		6A5B3DBF2B3E36BD00152982 /* Release */ = {
			isa = XCBuildConfiguration;
			buildSettings = {
				ALWAYS_SEARCH_USER_PATHS = NO;
				ASSETCATALOG_COMPILER_GENERATE_SWIFT_ASSET_SYMBOL_EXTENSIONS = YES;
				CLANG_ANALYZER_NONNULL = YES;
				CLANG_ANALYZER_NUMBER_OBJECT_CONVERSION = YES_AGGRESSIVE;
				CLANG_CXX_LANGUAGE_STANDARD = "gnu++20";
				CLANG_ENABLE_MODULES = YES;
				CLANG_ENABLE_OBJC_ARC = YES;
				CLANG_ENABLE_OBJC_WEAK = YES;
				CLANG_WARN_BLOCK_CAPTURE_AUTORELEASING = YES;
				CLANG_WARN_BOOL_CONVERSION = YES;
				CLANG_WARN_COMMA = YES;
				CLANG_WARN_CONSTANT_CONVERSION = YES;
				CLANG_WARN_DEPRECATED_OBJC_IMPLEMENTATIONS = YES;
				CLANG_WARN_DIRECT_OBJC_ISA_USAGE = YES_ERROR;
				CLANG_WARN_DOCUMENTATION_COMMENTS = YES;
				CLANG_WARN_EMPTY_BODY = YES;
				CLANG_WARN_ENUM_CONVERSION = YES;
				CLANG_WARN_INFINITE_RECURSION = YES;
				CLANG_WARN_INT_CONVERSION = YES;
				CLANG_WARN_NON_LITERAL_NULL_CONVERSION = YES;
				CLANG_WARN_OBJC_IMPLICIT_RETAIN_SELF = YES;
				CLANG_WARN_OBJC_LITERAL_CONVERSION = YES;
				CLANG_WARN_OBJC_ROOT_CLASS = YES_ERROR;
				CLANG_WARN_QUOTED_INCLUDE_IN_FRAMEWORK_HEADER = YES;
				CLANG_WARN_RANGE_LOOP_ANALYSIS = YES;
				CLANG_WARN_STRICT_PROTOTYPES = YES;
				CLANG_WARN_SUSPICIOUS_MOVE = YES;
				CLANG_WARN_UNGUARDED_AVAILABILITY = YES_AGGRESSIVE;
				CLANG_WARN_UNREACHABLE_CODE = YES;
				CLANG_WARN__DUPLICATE_METHOD_MATCH = YES;
				COPY_PHASE_STRIP = NO;
				DEBUG_INFORMATION_FORMAT = "dwarf-with-dsym";
				ENABLE_NS_ASSERTIONS = NO;
				ENABLE_STRICT_OBJC_MSGSEND = YES;
				ENABLE_USER_SCRIPT_SANDBOXING = YES;
				GCC_C_LANGUAGE_STANDARD = gnu17;
				GCC_NO_COMMON_BLOCKS = YES;
				GCC_WARN_64_TO_32_BIT_CONVERSION = YES;
				GCC_WARN_ABOUT_RETURN_TYPE = YES_ERROR;
				GCC_WARN_UNDECLARED_SELECTOR = YES;
				GCC_WARN_UNINITIALIZED_AUTOS = YES_AGGRESSIVE;
				GCC_WARN_UNUSED_FUNCTION = YES;
				GCC_WARN_UNUSED_VARIABLE = YES;
				IPHONEOS_DEPLOYMENT_TARGET = 17.2;
				LOCALIZATION_PREFERS_STRING_CATALOGS = YES;
				MTL_ENABLE_DEBUG_INFO = NO;
				MTL_FAST_MATH = YES;
				SDKROOT = iphoneos;
				SWIFT_COMPILATION_MODE = wholemodule;
				VALIDATE_PRODUCT = YES;
			};
			name = Release;
		};
		6A5B3DC12B3E36BD00152982 /* Debug */ = {
			isa = XCBuildConfiguration;
			buildSettings = {
				ASSETCATALOG_COMPILER_APPICON_NAME = AppIcon;
				ASSETCATALOG_COMPILER_GLOBAL_ACCENT_COLOR_NAME = AccentColor;
				CODE_SIGN_STYLE = Automatic;
				CURRENT_PROJECT_VERSION = 1;
				DEVELOPMENT_ASSET_PATHS = "\"scrumList/Preview Content\"";
				DEVELOPMENT_TEAM = 9SBDDCGKCT;
				ENABLE_PREVIEWS = YES;
				GENERATE_INFOPLIST_FILE = YES;
				INFOPLIST_KEY_UIApplicationSceneManifest_Generation = YES;
				INFOPLIST_KEY_UIApplicationSupportsIndirectInputEvents = YES;
				INFOPLIST_KEY_UILaunchScreen_Generation = YES;
				INFOPLIST_KEY_UISupportedInterfaceOrientations_iPad = "UIInterfaceOrientationPortrait UIInterfaceOrientationPortraitUpsideDown UIInterfaceOrientationLandscapeLeft UIInterfaceOrientationLandscapeRight";
				INFOPLIST_KEY_UISupportedInterfaceOrientations_iPhone = "UIInterfaceOrientationPortrait UIInterfaceOrientationLandscapeLeft UIInterfaceOrientationLandscapeRight";
				LD_RUNPATH_SEARCH_PATHS = (
					"$(inherited)",
					"@executable_path/Frameworks",
				);
				MARKETING_VERSION = 1.0;
				PRODUCT_BUNDLE_IDENTIFIER = Baltieri.scrumList;
				PRODUCT_NAME = "$(TARGET_NAME)";
				SWIFT_EMIT_LOC_STRINGS = YES;
				SWIFT_VERSION = 5.0;
				TARGETED_DEVICE_FAMILY = "1,2";
			};
			name = Debug;
		};
		6A5B3DC22B3E36BD00152982 /* Release */ = {
			isa = XCBuildConfiguration;
			buildSettings = {
				ASSETCATALOG_COMPILER_APPICON_NAME = AppIcon;
				ASSETCATALOG_COMPILER_GLOBAL_ACCENT_COLOR_NAME = AccentColor;
				CODE_SIGN_STYLE = Automatic;
				CURRENT_PROJECT_VERSION = 1;
				DEVELOPMENT_ASSET_PATHS = "\"scrumList/Preview Content\"";
				DEVELOPMENT_TEAM = 9SBDDCGKCT;
				ENABLE_PREVIEWS = YES;
				GENERATE_INFOPLIST_FILE = YES;
				INFOPLIST_KEY_UIApplicationSceneManifest_Generation = YES;
				INFOPLIST_KEY_UIApplicationSupportsIndirectInputEvents = YES;
				INFOPLIST_KEY_UILaunchScreen_Generation = YES;
				INFOPLIST_KEY_UISupportedInterfaceOrientations_iPad = "UIInterfaceOrientationPortrait UIInterfaceOrientationPortraitUpsideDown UIInterfaceOrientationLandscapeLeft UIInterfaceOrientationLandscapeRight";
				INFOPLIST_KEY_UISupportedInterfaceOrientations_iPhone = "UIInterfaceOrientationPortrait UIInterfaceOrientationLandscapeLeft UIInterfaceOrientationLandscapeRight";
				LD_RUNPATH_SEARCH_PATHS = (
					"$(inherited)",
					"@executable_path/Frameworks",
				);
				MARKETING_VERSION = 1.0;
				PRODUCT_BUNDLE_IDENTIFIER = Baltieri.scrumList;
				PRODUCT_NAME = "$(TARGET_NAME)";
				SWIFT_EMIT_LOC_STRINGS = YES;
				SWIFT_VERSION = 5.0;
				TARGETED_DEVICE_FAMILY = "1,2";
			};
			name = Release;
		};
/* End XCBuildConfiguration section */

/* Begin XCConfigurationList section */
		6A5B3DAD2B3E36BC00152982 /* Build configuration list for PBXProject "scrumList" */ = {
			isa = XCConfigurationList;
			buildConfigurations = (
				6A5B3DBE2B3E36BD00152982 /* Debug */,
				6A5B3DBF2B3E36BD00152982 /* Release */,
			);
			defaultConfigurationIsVisible = 0;
			defaultConfigurationName = Release;
		};
		6A5B3DC02B3E36BD00152982 /* Build configuration list for PBXNativeTarget "scrumList" */ = {
			isa = XCConfigurationList;
			buildConfigurations = (
				6A5B3DC12B3E36BD00152982 /* Debug */,
				6A5B3DC22B3E36BD00152982 /* Release */,
			);
			defaultConfigurationIsVisible = 0;
			defaultConfigurationName = Release;
		};
/* End XCConfigurationList section */
	};
	rootObject = 6A5B3DAA2B3E36BC00152982 /* Project object */;
}
